
Microsoft Visual Studio Solution File, Format Version 12.00
# Visual Studio Version 17
VisualStudioVersion = 17.14.36202.13 d17.14
MinimumVisualStudioVersion = 10.0.40219.1
Project("{FAE04EC0-301F-11D3-BF4B-00C04F79EFBC}") = "InventoryManagementAPI", "InventoryManagementAPI\InventoryManagementAPI.csproj", "{B7306EE4-D1BF-450F-85E9-580904B73DA4}"
EndProject
Global
	GlobalSection(SolutionConfigurationPlatforms) = preSolution
		Debug|Any CPU = Debug|Any CPU
		Release|Any CPU = Release|Any CPU
	EndGlobalSection
	GlobalSection(ProjectConfigurationPlatforms) = postSolution
		{B7306EE4-D1BF-450F-85E9-580904B73DA4}.Debug|Any CPU.ActiveCfg = Debug|Any CPU
		{B7306EE4-D1BF-450F-85E9-580904B73DA4}.Debug|Any CPU.Build.0 = Debug|Any CPU
		{B7306EE4-D1BF-450F-85E9-580904B73DA4}.Release|Any CPU.ActiveCfg = Release|Any CPU
		{B7306EE4-D1BF-450F-85E9-580904B73DA4}.Release|Any CPU.Build.0 = Release|Any CPU
	EndGlobalSection
	GlobalSection(SolutionProperties) = preSolution
		HideSolutionNode = FALSE
	EndGlobalSection
	GlobalSection(ExtensibilityGlobals) = postSolution
		SolutionGuid = {977DD91D-2B24-46CC-B7C6-FDE3EF21EF88}
	EndGlobalSection
EndGlobal
